
Microsoft Visual Studio Solution File, Format Version 12.00
# Visual Studio Version 17
VisualStudioVersion = 17.2.32519.379
MinimumVisualStudioVersion = 10.0.40219.1
Project("{FAE04EC0-301F-11D3-BF4B-00C04F79EFBC}") = "data structure CSharp", "data structure CSharp\data structure CSharp.csproj", "{6F6C2709-8679-4EFB-859C-9DF59ACC80D4}"
EndProject
Global
	GlobalSection(SolutionConfigurationPlatforms) = preSolution
		Debug|Any CPU = Debug|Any CPU
		Release|Any CPU = Release|Any CPU
	EndGlobalSection
	GlobalSection(ProjectConfigurationPlatforms) = postSolution
		{6F6C2709-8679-4EFB-859C-9DF59ACC80D4}.Debug|Any CPU.ActiveCfg = Debug|Any CPU
		{6F6C2709-8679-4EFB-859C-9DF59ACC80D4}.Debug|Any CPU.Build.0 = Debug|Any CPU
		{6F6C2709-8679-4EFB-859C-9DF59ACC80D4}.Release|Any CPU.ActiveCfg = Release|Any CPU
		{6F6C2709-8679-4EFB-859C-9DF59ACC80D4}.Release|Any CPU.Build.0 = Release|Any CPU
	EndGlobalSection
	GlobalSection(SolutionProperties) = preSolution
		HideSolutionNode = FALSE
	EndGlobalSection
	GlobalSection(ExtensibilityGlobals) = postSolution
		SolutionGuid = {89D0F5DA-AF41-4555-A299-3C4823107C68}
	EndGlobalSection
EndGlobal
